
Microsoft Visual Studio Solution File, Format Version 12.00
Project("{FAE04EC0-301F-11D3-BF4B-00C04F79EFBC}") = "Surveys.Api", "Surveys.Api\Surveys.Api.csproj", "{03351B87-8BC6-42DA-8963-B9CD12F39BF1}"
EndProject
Project("{FAE04EC0-301F-11D3-BF4B-00C04F79EFBC}") = "Surveys.Data.EFCore", "Surveys.Data.EFCore\Surveys.Data.EFCore.csproj", "{05DCA594-B743-4348-931A-938592E30B3B}"
EndProject
Project("{FAE04EC0-301F-11D3-BF4B-00C04F79EFBC}") = "Surveys.Services", "Surveys.Services\Surveys.Services.csproj", "{E66F5AD0-5FEB-4379-989B-1BC9CE421E22}"
EndProject
Project("{FAE04EC0-301F-11D3-BF4B-00C04F79EFBC}") = "Surveys.Models", "Surveys.Models\Surveys.Models.csproj", "{17C91A21-E02D-4AEA-A225-F7EF5EB0842E}"
EndProject
Project("{FAE04EC0-301F-11D3-BF4B-00C04F79EFBC}") = "Surveys.Data.Refit", "Surveys.Data.Refit\Surveys.Data.Refit.csproj", "{E5212C53-8ED5-4171-B3DF-A03FE3A64CE3}"
EndProject
Global
	GlobalSection(SolutionConfigurationPlatforms) = preSolution
		Debug|Any CPU = Debug|Any CPU
		Release|Any CPU = Release|Any CPU
	EndGlobalSection
	GlobalSection(ProjectConfigurationPlatforms) = postSolution
		{03351B87-8BC6-42DA-8963-B9CD12F39BF1}.Debug|Any CPU.ActiveCfg = Debug|Any CPU
		{03351B87-8BC6-42DA-8963-B9CD12F39BF1}.Debug|Any CPU.Build.0 = Debug|Any CPU
		{03351B87-8BC6-42DA-8963-B9CD12F39BF1}.Release|Any CPU.ActiveCfg = Release|Any CPU
		{03351B87-8BC6-42DA-8963-B9CD12F39BF1}.Release|Any CPU.Build.0 = Release|Any CPU
		{05DCA594-B743-4348-931A-938592E30B3B}.Debug|Any CPU.ActiveCfg = Debug|Any CPU
		{05DCA594-B743-4348-931A-938592E30B3B}.Debug|Any CPU.Build.0 = Debug|Any CPU
		{05DCA594-B743-4348-931A-938592E30B3B}.Release|Any CPU.ActiveCfg = Release|Any CPU
		{05DCA594-B743-4348-931A-938592E30B3B}.Release|Any CPU.Build.0 = Release|Any CPU
		{E66F5AD0-5FEB-4379-989B-1BC9CE421E22}.Debug|Any CPU.ActiveCfg = Debug|Any CPU
		{E66F5AD0-5FEB-4379-989B-1BC9CE421E22}.Debug|Any CPU.Build.0 = Debug|Any CPU
		{E66F5AD0-5FEB-4379-989B-1BC9CE421E22}.Release|Any CPU.ActiveCfg = Release|Any CPU
		{E66F5AD0-5FEB-4379-989B-1BC9CE421E22}.Release|Any CPU.Build.0 = Release|Any CPU
		{17C91A21-E02D-4AEA-A225-F7EF5EB0842E}.Debug|Any CPU.ActiveCfg = Debug|Any CPU
		{17C91A21-E02D-4AEA-A225-F7EF5EB0842E}.Debug|Any CPU.Build.0 = Debug|Any CPU
		{17C91A21-E02D-4AEA-A225-F7EF5EB0842E}.Release|Any CPU.ActiveCfg = Release|Any CPU
		{17C91A21-E02D-4AEA-A225-F7EF5EB0842E}.Release|Any CPU.Build.0 = Release|Any CPU
		{E5212C53-8ED5-4171-B3DF-A03FE3A64CE3}.Debug|Any CPU.ActiveCfg = Debug|Any CPU
		{E5212C53-8ED5-4171-B3DF-A03FE3A64CE3}.Debug|Any CPU.Build.0 = Debug|Any CPU
		{E5212C53-8ED5-4171-B3DF-A03FE3A64CE3}.Release|Any CPU.ActiveCfg = Release|Any CPU
		{E5212C53-8ED5-4171-B3DF-A03FE3A64CE3}.Release|Any CPU.Build.0 = Release|Any CPU
	EndGlobalSection
EndGlobal
